// !$*UTF8*$!
{
	archiveVersion = 1;
	classes = {
	};
	objectVersion = 50;
	objects = {

/* Begin PBXBuildFile section */
		5B08A08224284BBF00C073F8 /* User.swift in Sources */ = {isa = PBXBuildFile; fileRef = 5B08A08124284BBF00C073F8 /* User.swift */; };
		5B364903242D9EAB00421F88 /* Constants.swift in Sources */ = {isa = PBXBuildFile; fileRef = 5B364902242D9EAB00421F88 /* Constants.swift */; };
		5B489F5B2426B56D00FD9222 /* AppDelegate.swift in Sources */ = {isa = PBXBuildFile; fileRef = 5B489F5A2426B56D00FD9222 /* AppDelegate.swift */; };
		5B489F5D2426B56D00FD9222 /* SceneDelegate.swift in Sources */ = {isa = PBXBuildFile; fileRef = 5B489F5C2426B56D00FD9222 /* SceneDelegate.swift */; };
		5B489F5F2426B56D00FD9222 /* HomeVC.swift in Sources */ = {isa = PBXBuildFile; fileRef = 5B489F5E2426B56D00FD9222 /* HomeVC.swift */; };
		5B489F642426B57200FD9222 /* Assets.xcassets in Resources */ = {isa = PBXBuildFile; fileRef = 5B489F632426B57200FD9222 /* Assets.xcassets */; };
		5B489F672426B57200FD9222 /* LaunchScreen.storyboard in Resources */ = {isa = PBXBuildFile; fileRef = 5B489F652426B57200FD9222 /* LaunchScreen.storyboard */; };
		5B489F6F2426B96C00FD9222 /* Extensions+UIView.swift in Sources */ = {isa = PBXBuildFile; fileRef = 5B489F6E2426B96C00FD9222 /* Extensions+UIView.swift */; };
		5B642E702427D7B5008C5D35 /* CardView.swift in Sources */ = {isa = PBXBuildFile; fileRef = 5B642E6F2427D7B5008C5D35 /* CardView.swift */; };
		5B6534AA242ADE3100921D51 /* Advertiser.swift in Sources */ = {isa = PBXBuildFile; fileRef = 5B6534A9242ADE3100921D51 /* Advertiser.swift */; };
		5BA57461242FE8D80031A846 /* RegistrationVC.swift in Sources */ = {isa = PBXBuildFile; fileRef = 5BA57460242FE8D80031A846 /* RegistrationVC.swift */; };
		5BA57464243004A60031A846 /* SMTextField.swift in Sources */ = {isa = PBXBuildFile; fileRef = 5BA57463243004A60031A846 /* SMTextField.swift */; };
		5BA574662432D7890031A846 /* RegistrationViewModel.swift in Sources */ = {isa = PBXBuildFile; fileRef = 5BA574652432D7890031A846 /* RegistrationViewModel.swift */; };
		5BB8C3922429A0A100B9C0D8 /* CardViewModel.swift in Sources */ = {isa = PBXBuildFile; fileRef = 5BB8C3912429A0A100B9C0D8 /* CardViewModel.swift */; };
		5BD5EF2B2426CC6400F983EC /* HomeButtomControlsStackView.swift in Sources */ = {isa = PBXBuildFile; fileRef = 5BD5EF2A2426CC6400F983EC /* HomeButtomControlsStackView.swift */; };
		5BD5EF2D2426DBE500F983EC /* TopNavigationStackView.swift in Sources */ = {isa = PBXBuildFile; fileRef = 5BD5EF2C2426DBE500F983EC /* TopNavigationStackView.swift */; };
/* End PBXBuildFile section */

/* Begin PBXFileReference section */
		5B08A08124284BBF00C073F8 /* User.swift */ = {isa = PBXFileReference; lastKnownFileType = sourcecode.swift; path = User.swift; sourceTree = "<group>"; };
		5B364902242D9EAB00421F88 /* Constants.swift */ = {isa = PBXFileReference; lastKnownFileType = sourcecode.swift; path = Constants.swift; sourceTree = "<group>"; };
		5B489F572426B56C00FD9222 /* SwipeMatch.app */ = {isa = PBXFileReference; explicitFileType = wrapper.application; includeInIndex = 0; path = SwipeMatch.app; sourceTree = BUILT_PRODUCTS_DIR; };
		5B489F5A2426B56D00FD9222 /* AppDelegate.swift */ = {isa = PBXFileReference; lastKnownFileType = sourcecode.swift; path = AppDelegate.swift; sourceTree = "<group>"; };
		5B489F5C2426B56D00FD9222 /* SceneDelegate.swift */ = {isa = PBXFileReference; lastKnownFileType = sourcecode.swift; path = SceneDelegate.swift; sourceTree = "<group>"; };
		5B489F5E2426B56D00FD9222 /* HomeVC.swift */ = {isa = PBXFileReference; lastKnownFileType = sourcecode.swift; path = HomeVC.swift; sourceTree = "<group>"; };
		5B489F632426B57200FD9222 /* Assets.xcassets */ = {isa = PBXFileReference; lastKnownFileType = folder.assetcatalog; path = Assets.xcassets; sourceTree = "<group>"; };
		5B489F662426B57200FD9222 /* Base */ = {isa = PBXFileReference; lastKnownFileType = file.storyboard; name = Base; path = Base.lproj/LaunchScreen.storyboard; sourceTree = "<group>"; };
		5B489F682426B57200FD9222 /* Info.plist */ = {isa = PBXFileReference; lastKnownFileType = text.plist.xml; path = Info.plist; sourceTree = "<group>"; };
		5B489F6E2426B96C00FD9222 /* Extensions+UIView.swift */ = {isa = PBXFileReference; fileEncoding = 4; lastKnownFileType = sourcecode.swift; path = "Extensions+UIView.swift"; sourceTree = "<group>"; };
		5B642E6F2427D7B5008C5D35 /* CardView.swift */ = {isa = PBXFileReference; lastKnownFileType = sourcecode.swift; path = CardView.swift; sourceTree = "<group>"; };
		5B6534A9242ADE3100921D51 /* Advertiser.swift */ = {isa = PBXFileReference; lastKnownFileType = sourcecode.swift; path = Advertiser.swift; sourceTree = "<group>"; };
		5BA57460242FE8D80031A846 /* RegistrationVC.swift */ = {isa = PBXFileReference; lastKnownFileType = sourcecode.swift; path = RegistrationVC.swift; sourceTree = "<group>"; };
		5BA57463243004A60031A846 /* SMTextField.swift */ = {isa = PBXFileReference; lastKnownFileType = sourcecode.swift; path = SMTextField.swift; sourceTree = "<group>"; };
		5BA574652432D7890031A846 /* RegistrationViewModel.swift */ = {isa = PBXFileReference; lastKnownFileType = sourcecode.swift; path = RegistrationViewModel.swift; sourceTree = "<group>"; };
		5BB8C3912429A0A100B9C0D8 /* CardViewModel.swift */ = {isa = PBXFileReference; lastKnownFileType = sourcecode.swift; path = CardViewModel.swift; sourceTree = "<group>"; };
		5BD5EF2A2426CC6400F983EC /* HomeButtomControlsStackView.swift */ = {isa = PBXFileReference; lastKnownFileType = sourcecode.swift; path = HomeButtomControlsStackView.swift; sourceTree = "<group>"; };
		5BD5EF2C2426DBE500F983EC /* TopNavigationStackView.swift */ = {isa = PBXFileReference; lastKnownFileType = sourcecode.swift; path = TopNavigationStackView.swift; sourceTree = "<group>"; };
/* End PBXFileReference section */

/* Begin PBXFrameworksBuildPhase section */
		5B489F542426B56C00FD9222 /* Frameworks */ = {
			isa = PBXFrameworksBuildPhase;
			buildActionMask = 2147483647;
			files = (
			);
			runOnlyForDeploymentPostprocessing = 0;
		};
/* End PBXFrameworksBuildPhase section */

/* Begin PBXGroup section */
		5B08A08024284BB200C073F8 /* Model */ = {
			isa = PBXGroup;
			children = (
				5B08A08124284BBF00C073F8 /* User.swift */,
				5B6534A9242ADE3100921D51 /* Advertiser.swift */,
			);
			path = Model;
			sourceTree = "<group>";
		};
		5B364901242D9E9800421F88 /* Utilities */ = {
			isa = PBXGroup;
			children = (
				5B364902242D9EAB00421F88 /* Constants.swift */,
			);
			path = Utilities;
			sourceTree = "<group>";
		};
		5B489F4E2426B56C00FD9222 = {
			isa = PBXGroup;
			children = (
				5B489F592426B56C00FD9222 /* SwipeMatch */,
				5B489F582426B56C00FD9222 /* Products */,
			);
			sourceTree = "<group>";
		};
		5B489F582426B56C00FD9222 /* Products */ = {
			isa = PBXGroup;
			children = (
				5B489F572426B56C00FD9222 /* SwipeMatch.app */,
			);
			name = Products;
			sourceTree = "<group>";
		};
		5B489F592426B56C00FD9222 /* SwipeMatch */ = {
			isa = PBXGroup;
			children = (
				5B364901242D9E9800421F88 /* Utilities */,
				5BB8C3902429A08900B9C0D8 /* ViewModels */,
				5B08A08024284BB200C073F8 /* Model */,
				5BD5EF292426CC3600F983EC /* Views */,
				5B489F702426B97600FD9222 /* Extensions */,
				5BD5EF2F2427D19600F983EC /* Screens */,
				5BD5EF2E2427D17100F983EC /* Support */,
			);
			path = SwipeMatch;
			sourceTree = "<group>";
		};
		5B489F702426B97600FD9222 /* Extensions */ = {
			isa = PBXGroup;
			children = (
				5B489F6E2426B96C00FD9222 /* Extensions+UIView.swift */,
			);
			path = Extensions;
			sourceTree = "<group>";
		};
		5BA574622430048C0031A846 /* TextFields */ = {
			isa = PBXGroup;
			children = (
				5BA57463243004A60031A846 /* SMTextField.swift */,
			);
			path = TextFields;
			sourceTree = "<group>";
		};
		5BB8C3902429A08900B9C0D8 /* ViewModels */ = {
			isa = PBXGroup;
			children = (
				5BB8C3912429A0A100B9C0D8 /* CardViewModel.swift */,
				5BA574652432D7890031A846 /* RegistrationViewModel.swift */,
			);
			path = ViewModels;
			sourceTree = "<group>";
		};
		5BD5EF292426CC3600F983EC /* Views */ = {
			isa = PBXGroup;
			children = (
				5BA574622430048C0031A846 /* TextFields */,
				5BD5EF2C2426DBE500F983EC /* TopNavigationStackView.swift */,
				5BD5EF2A2426CC6400F983EC /* HomeButtomControlsStackView.swift */,
				5B642E6F2427D7B5008C5D35 /* CardView.swift */,
			);
			path = Views;
			sourceTree = "<group>";
		};
		5BD5EF2E2427D17100F983EC /* Support */ = {
			isa = PBXGroup;
			children = (
				5B489F5A2426B56D00FD9222 /* AppDelegate.swift */,
				5B489F5C2426B56D00FD9222 /* SceneDelegate.swift */,
				5B489F632426B57200FD9222 /* Assets.xcassets */,
				5B489F652426B57200FD9222 /* LaunchScreen.storyboard */,
				5B489F682426B57200FD9222 /* Info.plist */,
			);
			path = Support;
			sourceTree = "<group>";
		};
		5BD5EF2F2427D19600F983EC /* Screens */ = {
			isa = PBXGroup;
			children = (
				5B489F5E2426B56D00FD9222 /* HomeVC.swift */,
				5BA57460242FE8D80031A846 /* RegistrationVC.swift */,
			);
			path = Screens;
			sourceTree = "<group>";
		};
/* End PBXGroup section */

/* Begin PBXNativeTarget section */
		5B489F562426B56C00FD9222 /* SwipeMatch */ = {
			isa = PBXNativeTarget;
			buildConfigurationList = 5B489F6B2426B57200FD9222 /* Build configuration list for PBXNativeTarget "SwipeMatch" */;
			buildPhases = (
				5B489F532426B56C00FD9222 /* Sources */,
				5B489F542426B56C00FD9222 /* Frameworks */,
				5B489F552426B56C00FD9222 /* Resources */,
			);
			buildRules = (
			);
			dependencies = (
			);
			name = SwipeMatch;
			productName = SwipeMatch;
			productReference = 5B489F572426B56C00FD9222 /* SwipeMatch.app */;
			productType = "com.apple.product-type.application";
		};
/* End PBXNativeTarget section */

/* Begin PBXProject section */
		5B489F4F2426B56C00FD9222 /* Project object */ = {
			isa = PBXProject;
			attributes = {
				LastSwiftUpdateCheck = 1130;
				LastUpgradeCheck = 1130;
				ORGANIZATIONNAME = "Aleksey Kabishau";
				TargetAttributes = {
					5B489F562426B56C00FD9222 = {
						CreatedOnToolsVersion = 11.3.1;
					};
				};
			};
			buildConfigurationList = 5B489F522426B56C00FD9222 /* Build configuration list for PBXProject "SwipeMatch" */;
			compatibilityVersion = "Xcode 9.3";
			developmentRegion = en;
			hasScannedForEncodings = 0;
			knownRegions = (
				en,
				Base,
			);
			mainGroup = 5B489F4E2426B56C00FD9222;
			productRefGroup = 5B489F582426B56C00FD9222 /* Products */;
			projectDirPath = "";
			projectRoot = "";
			targets = (
				5B489F562426B56C00FD9222 /* SwipeMatch */,
			);
		};
/* End PBXProject section */

/* Begin PBXResourcesBuildPhase section */
		5B489F552426B56C00FD9222 /* Resources */ = {
			isa = PBXResourcesBuildPhase;
			buildActionMask = 2147483647;
			files = (
				5B489F672426B57200FD9222 /* LaunchScreen.storyboard in Resources */,
				5B489F642426B57200FD9222 /* Assets.xcassets in Resources */,
			);
			runOnlyForDeploymentPostprocessing = 0;
		};
/* End PBXResourcesBuildPhase section */

/* Begin PBXSourcesBuildPhase section */
		5B489F532426B56C00FD9222 /* Sources */ = {
			isa = PBXSourcesBuildPhase;
			buildActionMask = 2147483647;
			files = (
				5B6534AA242ADE3100921D51 /* Advertiser.swift in Sources */,
				5B364903242D9EAB00421F88 /* Constants.swift in Sources */,
				5B642E702427D7B5008C5D35 /* CardView.swift in Sources */,
				5BA574662432D7890031A846 /* RegistrationViewModel.swift in Sources */,
				5B489F5F2426B56D00FD9222 /* HomeVC.swift in Sources */,
				5B489F5B2426B56D00FD9222 /* AppDelegate.swift in Sources */,
				5BD5EF2B2426CC6400F983EC /* HomeButtomControlsStackView.swift in Sources */,
				5B08A08224284BBF00C073F8 /* User.swift in Sources */,
				5BA57461242FE8D80031A846 /* RegistrationVC.swift in Sources */,
				5BD5EF2D2426DBE500F983EC /* TopNavigationStackView.swift in Sources */,
				5B489F6F2426B96C00FD9222 /* Extensions+UIView.swift in Sources */,
				5BA57464243004A60031A846 /* SMTextField.swift in Sources */,
				5B489F5D2426B56D00FD9222 /* SceneDelegate.swift in Sources */,
				5BB8C3922429A0A100B9C0D8 /* CardViewModel.swift in Sources */,
			);
			runOnlyForDeploymentPostprocessing = 0;
		};
/* End PBXSourcesBuildPhase section */

/* Begin PBXVariantGroup section */
		5B489F652426B57200FD9222 /* LaunchScreen.storyboard */ = {
			isa = PBXVariantGroup;
			children = (
				5B489F662426B57200FD9222 /* Base */,
			);
			name = LaunchScreen.storyboard;
			sourceTree = "<group>";
		};
/* End PBXVariantGroup section */

/* Begin XCBuildConfiguration section */
		5B489F692426B57200FD9222 /* Debug */ = {
			isa = XCBuildConfiguration;
			buildSettings = {
				ALWAYS_SEARCH_USER_PATHS = NO;
				CLANG_ANALYZER_NONNULL = YES;
				CLANG_ANALYZER_NUMBER_OBJECT_CONVERSION = YES_AGGRESSIVE;
				CLANG_CXX_LANGUAGE_STANDARD = "gnu++14";
				CLANG_CXX_LIBRARY = "libc++";
				CLANG_ENABLE_MODULES = YES;
				CLANG_ENABLE_OBJC_ARC = YES;
				CLANG_ENABLE_OBJC_WEAK = YES;
				CLANG_WARN_BLOCK_CAPTURE_AUTORELEASING = YES;
				CLANG_WARN_BOOL_CONVERSION = YES;
				CLANG_WARN_COMMA = YES;
				CLANG_WARN_CONSTANT_CONVERSION = YES;
				CLANG_WARN_DEPRECATED_OBJC_IMPLEMENTATIONS = YES;
				CLANG_WARN_DIRECT_OBJC_ISA_USAGE = YES_ERROR;
				CLANG_WARN_DOCUMENTATION_COMMENTS = YES;
				CLANG_WARN_EMPTY_BODY = YES;
				CLANG_WARN_ENUM_CONVERSION = YES;
				CLANG_WARN_INFINITE_RECURSION = YES;
				CLANG_WARN_INT_CONVERSION = YES;
				CLANG_WARN_NON_LITERAL_NULL_CONVERSION = YES;
				CLANG_WARN_OBJC_IMPLICIT_RETAIN_SELF = YES;
				CLANG_WARN_OBJC_LITERAL_CONVERSION = YES;
				CLANG_WARN_OBJC_ROOT_CLASS = YES_ERROR;
				CLANG_WARN_RANGE_LOOP_ANALYSIS = YES;
				CLANG_WARN_STRICT_PROTOTYPES = YES;
				CLANG_WARN_SUSPICIOUS_MOVE = YES;
				CLANG_WARN_UNGUARDED_AVAILABILITY = YES_AGGRESSIVE;
				CLANG_WARN_UNREACHABLE_CODE = YES;
				CLANG_WARN__DUPLICATE_METHOD_MATCH = YES;
				COPY_PHASE_STRIP = NO;
				DEBUG_INFORMATION_FORMAT = dwarf;
				ENABLE_STRICT_OBJC_MSGSEND = YES;
				ENABLE_TESTABILITY = YES;
				GCC_C_LANGUAGE_STANDARD = gnu11;
				GCC_DYNAMIC_NO_PIC = NO;
				GCC_NO_COMMON_BLOCKS = YES;
				GCC_OPTIMIZATION_LEVEL = 0;
				GCC_PREPROCESSOR_DEFINITIONS = (
					"DEBUG=1",
					"$(inherited)",
				);
				GCC_WARN_64_TO_32_BIT_CONVERSION = YES;
				GCC_WARN_ABOUT_RETURN_TYPE = YES_ERROR;
				GCC_WARN_UNDECLARED_SELECTOR = YES;
				GCC_WARN_UNINITIALIZED_AUTOS = YES_AGGRESSIVE;
				GCC_WARN_UNUSED_FUNCTION = YES;
				GCC_WARN_UNUSED_VARIABLE = YES;
				IPHONEOS_DEPLOYMENT_TARGET = 13.2;
				MTL_ENABLE_DEBUG_INFO = INCLUDE_SOURCE;
				MTL_FAST_MATH = YES;
				ONLY_ACTIVE_ARCH = YES;
				SDKROOT = iphoneos;
				SWIFT_ACTIVE_COMPILATION_CONDITIONS = DEBUG;
				SWIFT_OPTIMIZATION_LEVEL = "-Onone";
			};
			name = Debug;
		};
		5B489F6A2426B57200FD9222 /* Release */ = {
			isa = XCBuildConfiguration;
			buildSettings = {
				ALWAYS_SEARCH_USER_PATHS = NO;
				CLANG_ANALYZER_NONNULL = YES;
				CLANG_ANALYZER_NUMBER_OBJECT_CONVERSION = YES_AGGRESSIVE;
				CLANG_CXX_LANGUAGE_STANDARD = "gnu++14";
				CLANG_CXX_LIBRARY = "libc++";
				CLANG_ENABLE_MODULES = YES;
				CLANG_ENABLE_OBJC_ARC = YES;
				CLANG_ENABLE_OBJC_WEAK = YES;
				CLANG_WARN_BLOCK_CAPTURE_AUTORELEASING = YES;
				CLANG_WARN_BOOL_CONVERSION = YES;
				CLANG_WARN_COMMA = YES;
				CLANG_WARN_CONSTANT_CONVERSION = YES;
				CLANG_WARN_DEPRECATED_OBJC_IMPLEMENTATIONS = YES;
				CLANG_WARN_DIRECT_OBJC_ISA_USAGE = YES_ERROR;
				CLANG_WARN_DOCUMENTATION_COMMENTS = YES;
				CLANG_WARN_EMPTY_BODY = YES;
				CLANG_WARN_ENUM_CONVERSION = YES;
				CLANG_WARN_INFINITE_RECURSION = YES;
				CLANG_WARN_INT_CONVERSION = YES;
				CLANG_WARN_NON_LITERAL_NULL_CONVERSION = YES;
				CLANG_WARN_OBJC_IMPLICIT_RETAIN_SELF = YES;
				CLANG_WARN_OBJC_LITERAL_CONVERSION = YES;
				CLANG_WARN_OBJC_ROOT_CLASS = YES_ERROR;
				CLANG_WARN_RANGE_LOOP_ANALYSIS = YES;
				CLANG_WARN_STRICT_PROTOTYPES = YES;
				CLANG_WARN_SUSPICIOUS_MOVE = YES;
				CLANG_WARN_UNGUARDED_AVAILABILITY = YES_AGGRESSIVE;
				CLANG_WARN_UNREACHABLE_CODE = YES;
				CLANG_WARN__DUPLICATE_METHOD_MATCH = YES;
				COPY_PHASE_STRIP = NO;
				DEBUG_INFORMATION_FORMAT = "dwarf-with-dsym";
				ENABLE_NS_ASSERTIONS = NO;
				ENABLE_STRICT_OBJC_MSGSEND = YES;
				GCC_C_LANGUAGE_STANDARD = gnu11;
				GCC_NO_COMMON_BLOCKS = YES;
				GCC_WARN_64_TO_32_BIT_CONVERSION = YES;
				GCC_WARN_ABOUT_RETURN_TYPE = YES_ERROR;
				GCC_WARN_UNDECLARED_SELECTOR = YES;
				GCC_WARN_UNINITIALIZED_AUTOS = YES_AGGRESSIVE;
				GCC_WARN_UNUSED_FUNCTION = YES;
				GCC_WARN_UNUSED_VARIABLE = YES;
				IPHONEOS_DEPLOYMENT_TARGET = 13.2;
				MTL_ENABLE_DEBUG_INFO = NO;
				MTL_FAST_MATH = YES;
				SDKROOT = iphoneos;
				SWIFT_COMPILATION_MODE = wholemodule;
				SWIFT_OPTIMIZATION_LEVEL = "-O";
				VALIDATE_PRODUCT = YES;
			};
			name = Release;
		};
		5B489F6C2426B57200FD9222 /* Debug */ = {
			isa = XCBuildConfiguration;
			buildSettings = {
				ASSETCATALOG_COMPILER_APPICON_NAME = AppIcon;
				CODE_SIGN_STYLE = Automatic;
				DEVELOPMENT_TEAM = VGW2M4R8BY;
				INFOPLIST_FILE = SwipeMatch/Support/Info.plist;
				IPHONEOS_DEPLOYMENT_TARGET = 13.0;
				LD_RUNPATH_SEARCH_PATHS = (
					"$(inherited)",
					"@executable_path/Frameworks",
				);
				PRODUCT_BUNDLE_IDENTIFIER = com.alekseykabishau.SwipeMatch;
				PRODUCT_NAME = "$(TARGET_NAME)";
				SWIFT_VERSION = 5.0;
				TARGETED_DEVICE_FAMILY = 1;
			};
			name = Debug;
		};
		5B489F6D2426B57200FD9222 /* Release */ = {
			isa = XCBuildConfiguration;
			buildSettings = {
				ASSETCATALOG_COMPILER_APPICON_NAME = AppIcon;
				CODE_SIGN_STYLE = Automatic;
				DEVELOPMENT_TEAM = VGW2M4R8BY;
				INFOPLIST_FILE = SwipeMatch/Support/Info.plist;
				IPHONEOS_DEPLOYMENT_TARGET = 13.0;
				LD_RUNPATH_SEARCH_PATHS = (
					"$(inherited)",
					"@executable_path/Frameworks",
				);
				PRODUCT_BUNDLE_IDENTIFIER = com.alekseykabishau.SwipeMatch;
				PRODUCT_NAME = "$(TARGET_NAME)";
				SWIFT_VERSION = 5.0;
				TARGETED_DEVICE_FAMILY = 1;
			};
			name = Release;
		};
/* End XCBuildConfiguration section */

/* Begin XCConfigurationList section */
		5B489F522426B56C00FD9222 /* Build configuration list for PBXProject "SwipeMatch" */ = {
			isa = XCConfigurationList;
			buildConfigurations = (
				5B489F692426B57200FD9222 /* Debug */,
				5B489F6A2426B57200FD9222 /* Release */,
			);
			defaultConfigurationIsVisible = 0;
			defaultConfigurationName = Release;
		};
		5B489F6B2426B57200FD9222 /* Build configuration list for PBXNativeTarget "SwipeMatch" */ = {
			isa = XCConfigurationList;
			buildConfigurations = (
				5B489F6C2426B57200FD9222 /* Debug */,
				5B489F6D2426B57200FD9222 /* Release */,
			);
			defaultConfigurationIsVisible = 0;
			defaultConfigurationName = Release;
		};
/* End XCConfigurationList section */
	};
	rootObject = 5B489F4F2426B56C00FD9222 /* Project object */;
}
